
Microsoft Visual Studio Solution File, Format Version 12.00
# Visual Studio Version 18
VisualStudioVersion = 18.10.12224.181 stable
MinimumVisualStudioVersion = 10.0.40219.1
Project("{9A19103F-16F7-4668-BE54-9A1E7A4F7556}") = "TetrisClient", "TetrisClient\TetrisClient.csproj", "{DC6BDE37-0FF0-49CC-8AF4-84883B0ADB4F}"
EndProject
Project("{FAE04EC0-301F-11D3-BF4B-00C04F79EFBC}") = "TetrisEngine", "TetrisEngine\TetrisEngine.csproj", "{A86FA1DF-8ADA-4C3B-A916-17757929805F}"
EndProject
Global
	GlobalSection(SolutionConfigurationPlatforms) = preSolution
		Debug|Any CPU = Debug|Any CPU
		Release|Any CPU = Release|Any CPU
	EndGlobalSection
	GlobalSection(ProjectConfigurationPlatforms) = postSolution
		{DC6BDE37-0FF0-49CC-8AF4-84883B0ADB4F}.Debug|Any CPU.ActiveCfg = Debug|Any CPU
		{DC6BDE37-0FF0-49CC-8AF4-84883B0ADB4F}.Debug|Any CPU.Build.0 = Debug|Any CPU
		{DC6BDE37-0FF0-49CC-8AF4-84883B0ADB4F}.Release|Any CPU.ActiveCfg = Release|Any CPU
		{DC6BDE37-0FF0-49CC-8AF4-84883B0ADB4F}.Release|Any CPU.Build.0 = Release|Any CPU
		{A86FA1DF-8ADA-4C3B-A916-17757929805F}.Debug|Any CPU.ActiveCfg = Debug|Any CPU
		{A86FA1DF-8ADA-4C3B-A916-17757929805F}.Debug|Any CPU.Build.0 = Debug|Any CPU
		{A86FA1DF-8ADA-4C3B-A916-17757929805F}.Release|Any CPU.ActiveCfg = Release|Any CPU
		{A86FA1DF-8ADA-4C3B-A916-17757929805F}.Release|Any CPU.Build.0 = Release|Any CPU
	EndGlobalSection
	GlobalSection(SolutionProperties) = preSolution
		HideSolutionNode = FALSE
	EndGlobalSection
	GlobalSection(ExtensibilityGlobals) = postSolution
		SolutionGuid = {A00E7078-34AA-42BB-9633-01284C569250}
	EndGlobalSection
EndGlobal
